{
  "name": "hrenpack-theme-style",
  "version": "3.0.0",
  "lockfileVersion": 3,
  "requires": true,
  "packages": {
    "": {
      "name": "hrenpack-theme-style",
      "version": "3.0.0",
      "license": "MIT",
      "dependencies": {
        "hrenpack_js": "^2.0.5"
      },
      "devDependencies": {
        "typescript": "^5.9.3"
      }
    },
    "node_modules/hrenpack_js": {
      "version": "2.0.5",
      "resolved": "https://registry.npmjs.org/hrenpack_js/-/hrenpack_js-2.0.5.tgz",
      "integrity": "sha512-58wyR++8k9/ft07yAurq54FWEDCeoseGqFSwf6PZBHHe3I9cI946gEBW3BrtveY1IwExklzcDOc2yIEBakFuoA==",
      "license": "MIT"
    },
    "node_modules/typescript": {
      "version": "5.9.3",
      "resolved": "https://registry.npmjs.org/typescript/-/typescript-5.9.3.tgz",
      "integrity": "sha512-jl1vZzPDinLr9eUt3J/t7V6FgNEw9QjvBPdysz9KfQDD41fQrC2Y4vKQdiaUpFT4bXlb1RHhLpp8wtm6M5TgSw==",
      "dev": true,
      "license": "Apache-2.0",
      "bin": {
        "tsc": "bin/tsc",
        "tsserver": "bin/tsserver"
      },
      "engines": {
        "node": ">=14.17"
      }
    }
  }
}
